
Microsoft Visual Studio Solution File, Format Version 12.00
# Visual Studio Version 17
VisualStudioVersion = 17.8.34322.80
MinimumVisualStudioVersion = 10.0.40219.1
Project("{9A19103F-16F7-4668-BE54-9A1E7A4F7556}") = "FiapOrders", "FiapOrders\FiapOrders.csproj", "{5411C18E-D4AA-47EF-8E90-25D2E956BB91}"
EndProject
Project("{9A19103F-16F7-4668-BE54-9A1E7A4F7556}") = "FiapOrders.Domain", "FiapOrders.Domain\FiapOrders.Domain.csproj", "{0B675788-4063-43F6-9C4F-80ECFD3DE77F}"
EndProject
Project("{9A19103F-16F7-4668-BE54-9A1E7A4F7556}") = "FiapOrders.Infra", "FiapOrders.Infra\FiapOrders.Infra.csproj", "{F8766118-6A44-4B30-A040-CE637854210F}"
EndProject
Global
	GlobalSection(SolutionConfigurationPlatforms) = preSolution
		Debug|Any CPU = Debug|Any CPU
		Release|Any CPU = Release|Any CPU
	EndGlobalSection
	GlobalSection(ProjectConfigurationPlatforms) = postSolution
		{5411C18E-D4AA-47EF-8E90-25D2E956BB91}.Debug|Any CPU.ActiveCfg = Debug|Any CPU
		{5411C18E-D4AA-47EF-8E90-25D2E956BB91}.Debug|Any CPU.Build.0 = Debug|Any CPU
		{5411C18E-D4AA-47EF-8E90-25D2E956BB91}.Release|Any CPU.ActiveCfg = Release|Any CPU
		{5411C18E-D4AA-47EF-8E90-25D2E956BB91}.Release|Any CPU.Build.0 = Release|Any CPU
		{0B675788-4063-43F6-9C4F-80ECFD3DE77F}.Debug|Any CPU.ActiveCfg = Debug|Any CPU
		{0B675788-4063-43F6-9C4F-80ECFD3DE77F}.Debug|Any CPU.Build.0 = Debug|Any CPU
		{0B675788-4063-43F6-9C4F-80ECFD3DE77F}.Release|Any CPU.ActiveCfg = Release|Any CPU
		{0B675788-4063-43F6-9C4F-80ECFD3DE77F}.Release|Any CPU.Build.0 = Release|Any CPU
		{F8766118-6A44-4B30-A040-CE637854210F}.Debug|Any CPU.ActiveCfg = Debug|Any CPU
		{F8766118-6A44-4B30-A040-CE637854210F}.Debug|Any CPU.Build.0 = Debug|Any CPU
		{F8766118-6A44-4B30-A040-CE637854210F}.Release|Any CPU.ActiveCfg = Release|Any CPU
		{F8766118-6A44-4B30-A040-CE637854210F}.Release|Any CPU.Build.0 = Release|Any CPU
	EndGlobalSection
	GlobalSection(SolutionProperties) = preSolution
		HideSolutionNode = FALSE
	EndGlobalSection
	GlobalSection(ExtensibilityGlobals) = postSolution
		SolutionGuid = {75619F22-C56F-43A5-A5F3-D149BBC4BDC3}
	EndGlobalSection
EndGlobal
